// !$*UTF8*$!
{
	archiveVersion = 1;
	classes = {
	};
	objectVersion = 56;
	objects = {

/* Begin PBXBuildFile section */
		0D357E202BF3CB4000E044BB /* StickyHeaderView.swift in Sources */ = {isa = PBXBuildFile; fileRef = 0D357E1F2BF3CB4000E044BB /* StickyHeaderView.swift */; };
		0D357E242BF3DFE000E044BB /* BankAccountTableViewCell.swift in Sources */ = {isa = PBXBuildFile; fileRef = 0D357E232BF3DFE000E044BB /* BankAccountTableViewCell.swift */; };
		0D357E262BF3E7B100E044BB /* BankAccountModel.swift in Sources */ = {isa = PBXBuildFile; fileRef = 0D357E252BF3E7B100E044BB /* BankAccountModel.swift */; };
		0D5AB9052BF2663C00C41046 /* BankAccountViewController.swift in Sources */ = {isa = PBXBuildFile; fileRef = 0D5AB9042BF2663C00C41046 /* BankAccountViewController.swift */; };
		0D5AB9072BF267E700C41046 /* BankAccountNaviBar.swift in Sources */ = {isa = PBXBuildFile; fileRef = 0D5AB9062BF267E700C41046 /* BankAccountNaviBar.swift */; };
		2C2835392BF5239700245FE1 /* SavingsView.swift in Sources */ = {isa = PBXBuildFile; fileRef = 2C2835382BF5239700245FE1 /* SavingsView.swift */; };
		2C28353B2BF523A000245FE1 /* AddButtonView.swift in Sources */ = {isa = PBXBuildFile; fileRef = 2C28353A2BF523A000245FE1 /* AddButtonView.swift */; };
		2C28353D2BF523AD00245FE1 /* MeetingAccountView.swift in Sources */ = {isa = PBXBuildFile; fileRef = 2C28353C2BF523AD00245FE1 /* MeetingAccountView.swift */; };
		2C28353F2BF5294D00245FE1 /* SimpleBarView.swift in Sources */ = {isa = PBXBuildFile; fileRef = 2C28353E2BF5294D00245FE1 /* SimpleBarView.swift */; };
		2C3F78602BF5EC28005AF799 /* MainTabBarController.swift in Sources */ = {isa = PBXBuildFile; fileRef = 2C3F785F2BF5EC28005AF799 /* MainTabBarController.swift */; };
		2C3F78622BF60A05005AF799 /* AddView.swift in Sources */ = {isa = PBXBuildFile; fileRef = 2C3F78612BF60A05005AF799 /* AddView.swift */; };
		2CF9BFE92BF4389E00C7BC35 /* MainViewController.swift in Sources */ = {isa = PBXBuildFile; fileRef = 2CF9BFE82BF4389E00C7BC35 /* MainViewController.swift */; };
		2CF9BFED2BF440F900C7BC35 /* HeaderView.swift in Sources */ = {isa = PBXBuildFile; fileRef = 2CF9BFEC2BF440F900C7BC35 /* HeaderView.swift */; };
		2CF9BFEF2BF44F1500C7BC35 /* MessageBoxView.swift in Sources */ = {isa = PBXBuildFile; fileRef = 2CF9BFEE2BF44F1500C7BC35 /* MessageBoxView.swift */; };
		2CF9BFF12BF47A0C00C7BC35 /* MainAccountView.swift in Sources */ = {isa = PBXBuildFile; fileRef = 2CF9BFF02BF47A0C00C7BC35 /* MainAccountView.swift */; };
		2CF9BFF32BF48A6100C7BC35 /* SecondAccountView.swift in Sources */ = {isa = PBXBuildFile; fileRef = 2CF9BFF22BF48A6100C7BC35 /* SecondAccountView.swift */; };
		2CF9BFF52BF48A7A00C7BC35 /* ThirdAccountView.swift in Sources */ = {isa = PBXBuildFile; fileRef = 2CF9BFF42BF48A7A00C7BC35 /* ThirdAccountView.swift */; };
		CA05B3A32BF27AF300DA77E1 /* MyAccountCell.swift in Sources */ = {isa = PBXBuildFile; fileRef = CA05B3A22BF27AF300DA77E1 /* MyAccountCell.swift */; };
		CA05B3A52BF27C1B00DA77E1 /* AccountInfoView.swift in Sources */ = {isa = PBXBuildFile; fileRef = CA05B3A42BF27C1B00DA77E1 /* AccountInfoView.swift */; };
		CA05B3A82BF282DB00DA77E1 /* AccountInfoModel.swift in Sources */ = {isa = PBXBuildFile; fileRef = CA05B3A72BF282DB00DA77E1 /* AccountInfoModel.swift */; };
		CA05B3AA2BF2923700DA77E1 /* RecentTransferCell.swift in Sources */ = {isa = PBXBuildFile; fileRef = CA05B3A92BF2923700DA77E1 /* RecentTransferCell.swift */; };
		CA05B3AC2BF2A50C00DA77E1 /* InputAccountButton.swift in Sources */ = {isa = PBXBuildFile; fileRef = CA05B3AB2BF2A50C00DA77E1 /* InputAccountButton.swift */; };
		CA05B3B22BF34A5900DA77E1 /* SelectBankViewController.swift in Sources */ = {isa = PBXBuildFile; fileRef = CA05B3B12BF34A5900DA77E1 /* SelectBankViewController.swift */; };
		CA05B3B42BF34B9800DA77E1 /* SelectBankHeaderView.swift in Sources */ = {isa = PBXBuildFile; fileRef = CA05B3B32BF34B9800DA77E1 /* SelectBankHeaderView.swift */; };
		CA05B3B62BF3E6FF00DA77E1 /* SegmentView.swift in Sources */ = {isa = PBXBuildFile; fileRef = CA05B3B52BF3E6FF00DA77E1 /* SegmentView.swift */; };
		CA22B3EF2BF136420013B7AB /* Pretendard-Bold.otf in Resources */ = {isa = PBXBuildFile; fileRef = CA22B3EE2BF136420013B7AB /* Pretendard-Bold.otf */; };
		CA22B3F12BF1364C0013B7AB /* Pretendard-Medium.otf in Resources */ = {isa = PBXBuildFile; fileRef = CA22B3F02BF1364C0013B7AB /* Pretendard-Medium.otf */; };
		CA22B3F32BF136580013B7AB /* Pretendard-Regular.otf in Resources */ = {isa = PBXBuildFile; fileRef = CA22B3F22BF136580013B7AB /* Pretendard-Regular.otf */; };
		CA22B3F52BF136610013B7AB /* Pretendard-SemiBold.otf in Resources */ = {isa = PBXBuildFile; fileRef = CA22B3F42BF136610013B7AB /* Pretendard-SemiBold.otf */; };
		CA22B3F72BF1379B0013B7AB /* UIFont+.swift in Sources */ = {isa = PBXBuildFile; fileRef = CA22B3F62BF1379B0013B7AB /* UIFont+.swift */; };
		CA22B3F92BF13C380013B7AB /* UILabel+.swift in Sources */ = {isa = PBXBuildFile; fileRef = CA22B3F82BF13C380013B7AB /* UILabel+.swift */; };
		CA22B3FB2BF146C50013B7AB /* UIVIew+.swift in Sources */ = {isa = PBXBuildFile; fileRef = CA22B3FA2BF146C50013B7AB /* UIVIew+.swift */; };
		CA22B3FD2BF147040013B7AB /* UIStackView+.swift in Sources */ = {isa = PBXBuildFile; fileRef = CA22B3FC2BF147040013B7AB /* UIStackView+.swift */; };
		CA22B3FF2BF147980013B7AB /* UICollectionViewCell+.swift in Sources */ = {isa = PBXBuildFile; fileRef = CA22B3FE2BF147980013B7AB /* UICollectionViewCell+.swift */; };
		CA22B4012BF147BF0013B7AB /* UITableViewCell.swift in Sources */ = {isa = PBXBuildFile; fileRef = CA22B4002BF147BF0013B7AB /* UITableViewCell.swift */; };
		CA51DE892BF202B10084E610 /* TransferViewController.swift in Sources */ = {isa = PBXBuildFile; fileRef = CA51DE882BF202B10084E610 /* TransferViewController.swift */; };
		CA51DE8B2BF203070084E610 /* TransferNaviBar.swift in Sources */ = {isa = PBXBuildFile; fileRef = CA51DE8A2BF203070084E610 /* TransferNaviBar.swift */; };
		CA6B4FA42BF210D1009A641D /* Constants.swift in Sources */ = {isa = PBXBuildFile; fileRef = CA6B4FA32BF210D1009A641D /* Constants.swift */; };
		CA6B4FA62BF2141D009A641D /* SectionHeaderView.swift in Sources */ = {isa = PBXBuildFile; fileRef = CA6B4FA52BF2141D009A641D /* SectionHeaderView.swift */; };
		CA6B4FA92BF21643009A641D /* InputCell.swift in Sources */ = {isa = PBXBuildFile; fileRef = CA6B4FA82BF21643009A641D /* InputCell.swift */; };
		CA9982B82BF4A50000EC1F56 /* BankBookModel.swift in Sources */ = {isa = PBXBuildFile; fileRef = CA9982B72BF4A50000EC1F56 /* BankBookModel.swift */; };
		CA9982BC2BF5282600EC1F56 /* BottomSheetView.swift in Sources */ = {isa = PBXBuildFile; fileRef = CA9982BB2BF5282600EC1F56 /* BottomSheetView.swift */; };
		CA9982BF2BF52D6600EC1F56 /* BankListCell.swift in Sources */ = {isa = PBXBuildFile; fileRef = CA9982BE2BF52D6600EC1F56 /* BankListCell.swift */; };
		CAD398732BECED3F00B57329 /* AppDelegate.swift in Sources */ = {isa = PBXBuildFile; fileRef = CAD398722BECED3F00B57329 /* AppDelegate.swift */; };
		CAD398752BECED3F00B57329 /* SceneDelegate.swift in Sources */ = {isa = PBXBuildFile; fileRef = CAD398742BECED3F00B57329 /* SceneDelegate.swift */; };
		CAD398772BECED3F00B57329 /* ViewController.swift in Sources */ = {isa = PBXBuildFile; fileRef = CAD398762BECED3F00B57329 /* ViewController.swift */; };
		CAD3987C2BECED4000B57329 /* Assets.xcassets in Resources */ = {isa = PBXBuildFile; fileRef = CAD3987B2BECED4000B57329 /* Assets.xcassets */; };
		CAD3987F2BECED4000B57329 /* Base in Resources */ = {isa = PBXBuildFile; fileRef = CAD3987E2BECED4000B57329 /* Base */; };
		CAD398882BECEEB900B57329 /* SnapKit in Frameworks */ = {isa = PBXBuildFile; productRef = CAD398872BECEEB900B57329 /* SnapKit */; };
		CAD3988A2BECEEB900B57329 /* SnapKit-Dynamic in Frameworks */ = {isa = PBXBuildFile; productRef = CAD398892BECEEB900B57329 /* SnapKit-Dynamic */; };
		CAD3988D2BECEEE100B57329 /* Then in Frameworks */ = {isa = PBXBuildFile; productRef = CAD3988C2BECEEE100B57329 /* Then */; };
		CAD398902BECEF1A00B57329 /* Moya in Frameworks */ = {isa = PBXBuildFile; productRef = CAD3988F2BECEF1A00B57329 /* Moya */; };
/* End PBXBuildFile section */

/* Begin PBXFileReference section */
		0D357E1F2BF3CB4000E044BB /* StickyHeaderView.swift */ = {isa = PBXFileReference; lastKnownFileType = sourcecode.swift; path = StickyHeaderView.swift; sourceTree = "<group>"; };
		0D357E232BF3DFE000E044BB /* BankAccountTableViewCell.swift */ = {isa = PBXFileReference; lastKnownFileType = sourcecode.swift; path = BankAccountTableViewCell.swift; sourceTree = "<group>"; };
		0D357E252BF3E7B100E044BB /* BankAccountModel.swift */ = {isa = PBXFileReference; lastKnownFileType = sourcecode.swift; path = BankAccountModel.swift; sourceTree = "<group>"; };
		0D5AB9042BF2663C00C41046 /* BankAccountViewController.swift */ = {isa = PBXFileReference; lastKnownFileType = sourcecode.swift; path = BankAccountViewController.swift; sourceTree = "<group>"; };
		0D5AB9062BF267E700C41046 /* BankAccountNaviBar.swift */ = {isa = PBXFileReference; lastKnownFileType = sourcecode.swift; path = BankAccountNaviBar.swift; sourceTree = "<group>"; };
		2C2835382BF5239700245FE1 /* SavingsView.swift */ = {isa = PBXFileReference; lastKnownFileType = sourcecode.swift; path = SavingsView.swift; sourceTree = "<group>"; };
		2C28353A2BF523A000245FE1 /* AddButtonView.swift */ = {isa = PBXFileReference; lastKnownFileType = sourcecode.swift; path = AddButtonView.swift; sourceTree = "<group>"; };
		2C28353C2BF523AD00245FE1 /* MeetingAccountView.swift */ = {isa = PBXFileReference; lastKnownFileType = sourcecode.swift; path = MeetingAccountView.swift; sourceTree = "<group>"; };
		2C28353E2BF5294D00245FE1 /* SimpleBarView.swift */ = {isa = PBXFileReference; lastKnownFileType = sourcecode.swift; path = SimpleBarView.swift; sourceTree = "<group>"; };
		2C3F785F2BF5EC28005AF799 /* MainTabBarController.swift */ = {isa = PBXFileReference; lastKnownFileType = sourcecode.swift; path = MainTabBarController.swift; sourceTree = "<group>"; };
		2C3F78612BF60A05005AF799 /* AddView.swift */ = {isa = PBXFileReference; lastKnownFileType = sourcecode.swift; path = AddView.swift; sourceTree = "<group>"; };
		2CF9BFE82BF4389E00C7BC35 /* MainViewController.swift */ = {isa = PBXFileReference; lastKnownFileType = sourcecode.swift; path = MainViewController.swift; sourceTree = "<group>"; };
		2CF9BFEC2BF440F900C7BC35 /* HeaderView.swift */ = {isa = PBXFileReference; lastKnownFileType = sourcecode.swift; path = HeaderView.swift; sourceTree = "<group>"; };
		2CF9BFEE2BF44F1500C7BC35 /* MessageBoxView.swift */ = {isa = PBXFileReference; lastKnownFileType = sourcecode.swift; path = MessageBoxView.swift; sourceTree = "<group>"; };
		2CF9BFF02BF47A0C00C7BC35 /* MainAccountView.swift */ = {isa = PBXFileReference; lastKnownFileType = sourcecode.swift; path = MainAccountView.swift; sourceTree = "<group>"; };
		2CF9BFF22BF48A6100C7BC35 /* SecondAccountView.swift */ = {isa = PBXFileReference; lastKnownFileType = sourcecode.swift; path = SecondAccountView.swift; sourceTree = "<group>"; };
		2CF9BFF42BF48A7A00C7BC35 /* ThirdAccountView.swift */ = {isa = PBXFileReference; lastKnownFileType = sourcecode.swift; path = ThirdAccountView.swift; sourceTree = "<group>"; };
		CA05B3A22BF27AF300DA77E1 /* MyAccountCell.swift */ = {isa = PBXFileReference; lastKnownFileType = sourcecode.swift; path = MyAccountCell.swift; sourceTree = "<group>"; };
		CA05B3A42BF27C1B00DA77E1 /* AccountInfoView.swift */ = {isa = PBXFileReference; lastKnownFileType = sourcecode.swift; path = AccountInfoView.swift; sourceTree = "<group>"; };
		CA05B3A72BF282DB00DA77E1 /* AccountInfoModel.swift */ = {isa = PBXFileReference; lastKnownFileType = sourcecode.swift; path = AccountInfoModel.swift; sourceTree = "<group>"; };
		CA05B3A92BF2923700DA77E1 /* RecentTransferCell.swift */ = {isa = PBXFileReference; lastKnownFileType = sourcecode.swift; path = RecentTransferCell.swift; sourceTree = "<group>"; };
		CA05B3AB2BF2A50C00DA77E1 /* InputAccountButton.swift */ = {isa = PBXFileReference; lastKnownFileType = sourcecode.swift; path = InputAccountButton.swift; sourceTree = "<group>"; };
		CA05B3B12BF34A5900DA77E1 /* SelectBankViewController.swift */ = {isa = PBXFileReference; lastKnownFileType = sourcecode.swift; path = SelectBankViewController.swift; sourceTree = "<group>"; };
		CA05B3B32BF34B9800DA77E1 /* SelectBankHeaderView.swift */ = {isa = PBXFileReference; lastKnownFileType = sourcecode.swift; path = SelectBankHeaderView.swift; sourceTree = "<group>"; };
		CA05B3B52BF3E6FF00DA77E1 /* SegmentView.swift */ = {isa = PBXFileReference; lastKnownFileType = sourcecode.swift; path = SegmentView.swift; sourceTree = "<group>"; };
		CA22B3EE2BF136420013B7AB /* Pretendard-Bold.otf */ = {isa = PBXFileReference; lastKnownFileType = file; path = "Pretendard-Bold.otf"; sourceTree = "<group>"; };
		CA22B3F02BF1364C0013B7AB /* Pretendard-Medium.otf */ = {isa = PBXFileReference; lastKnownFileType = file; path = "Pretendard-Medium.otf"; sourceTree = "<group>"; };
		CA22B3F22BF136580013B7AB /* Pretendard-Regular.otf */ = {isa = PBXFileReference; lastKnownFileType = file; path = "Pretendard-Regular.otf"; sourceTree = "<group>"; };
		CA22B3F42BF136610013B7AB /* Pretendard-SemiBold.otf */ = {isa = PBXFileReference; lastKnownFileType = file; path = "Pretendard-SemiBold.otf"; sourceTree = "<group>"; };
		CA22B3F62BF1379B0013B7AB /* UIFont+.swift */ = {isa = PBXFileReference; lastKnownFileType = sourcecode.swift; path = "UIFont+.swift"; sourceTree = "<group>"; };
		CA22B3F82BF13C380013B7AB /* UILabel+.swift */ = {isa = PBXFileReference; lastKnownFileType = sourcecode.swift; path = "UILabel+.swift"; sourceTree = "<group>"; };
		CA22B3FA2BF146C50013B7AB /* UIVIew+.swift */ = {isa = PBXFileReference; lastKnownFileType = sourcecode.swift; path = "UIVIew+.swift"; sourceTree = "<group>"; };
		CA22B3FC2BF147040013B7AB /* UIStackView+.swift */ = {isa = PBXFileReference; lastKnownFileType = sourcecode.swift; path = "UIStackView+.swift"; sourceTree = "<group>"; };
		CA22B3FE2BF147980013B7AB /* UICollectionViewCell+.swift */ = {isa = PBXFileReference; lastKnownFileType = sourcecode.swift; path = "UICollectionViewCell+.swift"; sourceTree = "<group>"; };
		CA22B4002BF147BF0013B7AB /* UITableViewCell.swift */ = {isa = PBXFileReference; lastKnownFileType = sourcecode.swift; path = UITableViewCell.swift; sourceTree = "<group>"; };
		CA51DE882BF202B10084E610 /* TransferViewController.swift */ = {isa = PBXFileReference; lastKnownFileType = sourcecode.swift; path = TransferViewController.swift; sourceTree = "<group>"; };
		CA51DE8A2BF203070084E610 /* TransferNaviBar.swift */ = {isa = PBXFileReference; lastKnownFileType = sourcecode.swift; path = TransferNaviBar.swift; sourceTree = "<group>"; };
		CA6B4FA32BF210D1009A641D /* Constants.swift */ = {isa = PBXFileReference; lastKnownFileType = sourcecode.swift; path = Constants.swift; sourceTree = "<group>"; };
		CA6B4FA52BF2141D009A641D /* SectionHeaderView.swift */ = {isa = PBXFileReference; lastKnownFileType = sourcecode.swift; path = SectionHeaderView.swift; sourceTree = "<group>"; };
		CA6B4FA82BF21643009A641D /* InputCell.swift */ = {isa = PBXFileReference; lastKnownFileType = sourcecode.swift; path = InputCell.swift; sourceTree = "<group>"; };
		CA9982B72BF4A50000EC1F56 /* BankBookModel.swift */ = {isa = PBXFileReference; lastKnownFileType = sourcecode.swift; path = BankBookModel.swift; sourceTree = "<group>"; };
		CA9982BB2BF5282600EC1F56 /* BottomSheetView.swift */ = {isa = PBXFileReference; lastKnownFileType = sourcecode.swift; path = BottomSheetView.swift; sourceTree = "<group>"; };
		CA9982BE2BF52D6600EC1F56 /* BankListCell.swift */ = {isa = PBXFileReference; lastKnownFileType = sourcecode.swift; path = BankListCell.swift; sourceTree = "<group>"; };
		CAD3986F2BECED3F00B57329 /* KAKAOBANK-iOS.app */ = {isa = PBXFileReference; explicitFileType = wrapper.application; includeInIndex = 0; path = "KAKAOBANK-iOS.app"; sourceTree = BUILT_PRODUCTS_DIR; };
		CAD398722BECED3F00B57329 /* AppDelegate.swift */ = {isa = PBXFileReference; lastKnownFileType = sourcecode.swift; path = AppDelegate.swift; sourceTree = "<group>"; };
		CAD398742BECED3F00B57329 /* SceneDelegate.swift */ = {isa = PBXFileReference; lastKnownFileType = sourcecode.swift; path = SceneDelegate.swift; sourceTree = "<group>"; };
		CAD398762BECED3F00B57329 /* ViewController.swift */ = {isa = PBXFileReference; lastKnownFileType = sourcecode.swift; path = ViewController.swift; sourceTree = "<group>"; };
		CAD3987B2BECED4000B57329 /* Assets.xcassets */ = {isa = PBXFileReference; lastKnownFileType = folder.assetcatalog; path = Assets.xcassets; sourceTree = "<group>"; };
		CAD3987E2BECED4000B57329 /* Base */ = {isa = PBXFileReference; lastKnownFileType = file.storyboard; name = Base; path = Base.lproj/LaunchScreen.storyboard; sourceTree = "<group>"; };
		CAD398802BECED4000B57329 /* Info.plist */ = {isa = PBXFileReference; lastKnownFileType = text.plist.xml; name = Info.plist; path = "KAKAOBANK-iOS/Global/Settings/Info.plist"; sourceTree = SOURCE_ROOT; };
/* End PBXFileReference section */

/* Begin PBXFrameworksBuildPhase section */
		CAD3986C2BECED3F00B57329 /* Frameworks */ = {
			isa = PBXFrameworksBuildPhase;
			buildActionMask = 2147483647;
			files = (
				CAD398882BECEEB900B57329 /* SnapKit in Frameworks */,
				CAD3988D2BECEEE100B57329 /* Then in Frameworks */,
				CAD398902BECEF1A00B57329 /* Moya in Frameworks */,
				CAD3988A2BECEEB900B57329 /* SnapKit-Dynamic in Frameworks */,
			);
			runOnlyForDeploymentPostprocessing = 0;
		};
/* End PBXFrameworksBuildPhase section */

/* Begin PBXGroup section */
		0D357E212BF3DE0F00E044BB /* Cells */ = {
			isa = PBXGroup;
			children = (
				0D357E232BF3DFE000E044BB /* BankAccountTableViewCell.swift */,
			);
			path = Cells;
			sourceTree = "<group>";
		};
		0D357E222BF3DE1800E044BB /* Models */ = {
			isa = PBXGroup;
			children = (
				0D357E252BF3E7B100E044BB /* BankAccountModel.swift */,
			);
			path = Models;
			sourceTree = "<group>";
		};
		0D5AB9012BF264B700C41046 /* BankAccount */ = {
			isa = PBXGroup;
			children = (
				0D357E212BF3DE0F00E044BB /* Cells */,
				0D357E222BF3DE1800E044BB /* Models */,
				0D5AB9022BF265D100C41046 /* ViewControllers */,
				0D5AB9032BF265EF00C41046 /* Views */,
			);
			path = BankAccount;
			sourceTree = "<group>";
		};
		0D5AB9022BF265D100C41046 /* ViewControllers */ = {
			isa = PBXGroup;
			children = (
				0D5AB9042BF2663C00C41046 /* BankAccountViewController.swift */,
			);
			path = ViewControllers;
			sourceTree = "<group>";
		};
		0D5AB9032BF265EF00C41046 /* Views */ = {
			isa = PBXGroup;
			children = (
				0D5AB9062BF267E700C41046 /* BankAccountNaviBar.swift */,
				0D357E1F2BF3CB4000E044BB /* StickyHeaderView.swift */,
			);
			path = Views;
			sourceTree = "<group>";
		};
		2CF9BFE22BF4380200C7BC35 /* MainPage */ = {
			isa = PBXGroup;
			children = (
				2CF9BFE42BF4385A00C7BC35 /* ViewControllers */,
				2CF9BFE32BF4385400C7BC35 /* Views */,
			);
			path = MainPage;
			sourceTree = "<group>";
		};
		2CF9BFE32BF4385400C7BC35 /* Views */ = {
			isa = PBXGroup;
			children = (
				2CF9BFEC2BF440F900C7BC35 /* HeaderView.swift */,
				2CF9BFEE2BF44F1500C7BC35 /* MessageBoxView.swift */,
				2CF9BFF02BF47A0C00C7BC35 /* MainAccountView.swift */,
				2CF9BFF22BF48A6100C7BC35 /* SecondAccountView.swift */,
				2CF9BFF42BF48A7A00C7BC35 /* ThirdAccountView.swift */,
				2C2835382BF5239700245FE1 /* SavingsView.swift */,
				2C28353A2BF523A000245FE1 /* AddButtonView.swift */,
				2C28353C2BF523AD00245FE1 /* MeetingAccountView.swift */,
				2C28353E2BF5294D00245FE1 /* SimpleBarView.swift */,
				2C3F78612BF60A05005AF799 /* AddView.swift */,
			);
			path = Views;
			sourceTree = "<group>";
		};
		2CF9BFE42BF4385A00C7BC35 /* ViewControllers */ = {
			isa = PBXGroup;
			children = (
				2CF9BFE82BF4389E00C7BC35 /* MainViewController.swift */,
				2C3F785F2BF5EC28005AF799 /* MainTabBarController.swift */,
			);
			path = ViewControllers;
			sourceTree = "<group>";
		};
		CA05B3A62BF282BC00DA77E1 /* Models */ = {
			isa = PBXGroup;
			children = (
				CA05B3A72BF282DB00DA77E1 /* AccountInfoModel.swift */,
				CA9982B72BF4A50000EC1F56 /* BankBookModel.swift */,
			);
			path = Models;
			sourceTree = "<group>";
		};
		CA05B3AE2BF34A0200DA77E1 /* SelectBank */ = {
			isa = PBXGroup;
			children = (
				CA9982BD2BF52D4F00EC1F56 /* Cells */,
				CA05B3B02BF34A2800DA77E1 /* ViewControllers */,
				CA05B3AF2BF34A2100DA77E1 /* Views */,
			);
			path = SelectBank;
			sourceTree = "<group>";
		};
		CA05B3AF2BF34A2100DA77E1 /* Views */ = {
			isa = PBXGroup;
			children = (
				CA05B3B32BF34B9800DA77E1 /* SelectBankHeaderView.swift */,
				CA05B3B52BF3E6FF00DA77E1 /* SegmentView.swift */,
				CA9982BB2BF5282600EC1F56 /* BottomSheetView.swift */,
			);
			path = Views;
			sourceTree = "<group>";
		};
		CA05B3B02BF34A2800DA77E1 /* ViewControllers */ = {
			isa = PBXGroup;
			children = (
				CA05B3B12BF34A5900DA77E1 /* SelectBankViewController.swift */,
			);
			path = ViewControllers;
			sourceTree = "<group>";
		};
		CA22B3E02BF1328E0013B7AB /* Global */ = {
			isa = PBXGroup;
			children = (
				CA6B4FA22BF210C2009A641D /* Literals */,
				CA22B3ED2BF133CA0013B7AB /* Settings */,
				CA22B3EB2BF133840013B7AB /* Extension */,
				CA22B3E92BF1336A0013B7AB /* Resources */,
			);
			path = Global;
			sourceTree = "<group>";
		};
		CA22B3E12BF132C00013B7AB /* Application */ = {
			isa = PBXGroup;
			children = (
				CAD3987D2BECED4000B57329 /* LaunchScreen.storyboard */,
				CAD398742BECED3F00B57329 /* SceneDelegate.swift */,
				CAD398722BECED3F00B57329 /* AppDelegate.swift */,
			);
			path = Application;
			sourceTree = "<group>";
		};
		CA22B3E32BF132D20013B7AB /* Presentation */ = {
			isa = PBXGroup;
			children = (
				CA05B3AE2BF34A0200DA77E1 /* SelectBank */,
				2CF9BFE22BF4380200C7BC35 /* MainPage */,
				0D5AB9012BF264B700C41046 /* BankAccount */,
				CA51DE852BF2024E0084E610 /* Transfer */,
			);
			path = Presentation;
			sourceTree = "<group>";
		};
		CA22B3E92BF1336A0013B7AB /* Resources */ = {
			isa = PBXGroup;
			children = (
				CAD3987B2BECED4000B57329 /* Assets.xcassets */,
				CA22B3EC2BF133A30013B7AB /* Font */,
			);
			path = Resources;
			sourceTree = "<group>";
		};
		CA22B3EB2BF133840013B7AB /* Extension */ = {
			isa = PBXGroup;
			children = (
				CA22B3F62BF1379B0013B7AB /* UIFont+.swift */,
				CA22B3F82BF13C380013B7AB /* UILabel+.swift */,
				CA22B3FA2BF146C50013B7AB /* UIVIew+.swift */,
				CA22B3FC2BF147040013B7AB /* UIStackView+.swift */,
				CA22B3FE2BF147980013B7AB /* UICollectionViewCell+.swift */,
				CA22B4002BF147BF0013B7AB /* UITableViewCell.swift */,
			);
			path = Extension;
			sourceTree = "<group>";
		};
		CA22B3EC2BF133A30013B7AB /* Font */ = {
			isa = PBXGroup;
			children = (
				CA22B3F42BF136610013B7AB /* Pretendard-SemiBold.otf */,
				CA22B3F22BF136580013B7AB /* Pretendard-Regular.otf */,
				CA22B3F02BF1364C0013B7AB /* Pretendard-Medium.otf */,
				CA22B3EE2BF136420013B7AB /* Pretendard-Bold.otf */,
			);
			path = Font;
			sourceTree = "<group>";
		};
		CA22B3ED2BF133CA0013B7AB /* Settings */ = {
			isa = PBXGroup;
			children = (
				CAD398802BECED4000B57329 /* Info.plist */,
			);
			path = Settings;
			sourceTree = "<group>";
		};
		CA51DE852BF2024E0084E610 /* Transfer */ = {
			isa = PBXGroup;
			children = (
				CA05B3A62BF282BC00DA77E1 /* Models */,
				CA6B4FA72BF2162A009A641D /* Cells */,
				CA51DE872BF202930084E610 /* ViewControllers */,
				CA51DE862BF2028E0084E610 /* Views */,
			);
			path = Transfer;
			sourceTree = "<group>";
		};
		CA51DE862BF2028E0084E610 /* Views */ = {
			isa = PBXGroup;
			children = (
				CA51DE8A2BF203070084E610 /* TransferNaviBar.swift */,
				CA6B4FA52BF2141D009A641D /* SectionHeaderView.swift */,
				CA05B3A42BF27C1B00DA77E1 /* AccountInfoView.swift */,
				CA05B3AB2BF2A50C00DA77E1 /* InputAccountButton.swift */,
			);
			path = Views;
			sourceTree = "<group>";
		};
		CA51DE872BF202930084E610 /* ViewControllers */ = {
			isa = PBXGroup;
			children = (
				CA51DE882BF202B10084E610 /* TransferViewController.swift */,
			);
			path = ViewControllers;
			sourceTree = "<group>";
		};
		CA6B4FA22BF210C2009A641D /* Literals */ = {
			isa = PBXGroup;
			children = (
				CA6B4FA32BF210D1009A641D /* Constants.swift */,
			);
			path = Literals;
			sourceTree = "<group>";
		};
		CA6B4FA72BF2162A009A641D /* Cells */ = {
			isa = PBXGroup;
			children = (
				CA6B4FA82BF21643009A641D /* InputCell.swift */,
				CA05B3A22BF27AF300DA77E1 /* MyAccountCell.swift */,
				CA05B3A92BF2923700DA77E1 /* RecentTransferCell.swift */,
			);
			path = Cells;
			sourceTree = "<group>";
		};
		CA9982BD2BF52D4F00EC1F56 /* Cells */ = {
			isa = PBXGroup;
			children = (
				CA9982BE2BF52D6600EC1F56 /* BankListCell.swift */,
			);
			path = Cells;
			sourceTree = "<group>";
		};
		CAD398662BECED3F00B57329 = {
			isa = PBXGroup;
			children = (
				CAD398712BECED3F00B57329 /* KAKAOBANK-iOS */,
				CAD398702BECED3F00B57329 /* Products */,
			);
			sourceTree = "<group>";
		};
		CAD398702BECED3F00B57329 /* Products */ = {
			isa = PBXGroup;
			children = (
				CAD3986F2BECED3F00B57329 /* KAKAOBANK-iOS.app */,
			);
			name = Products;
			sourceTree = "<group>";
		};
		CAD398712BECED3F00B57329 /* KAKAOBANK-iOS */ = {
			isa = PBXGroup;
			children = (
				CA22B3E32BF132D20013B7AB /* Presentation */,
				CA22B3E12BF132C00013B7AB /* Application */,
				CA22B3E02BF1328E0013B7AB /* Global */,
				CAD398762BECED3F00B57329 /* ViewController.swift */,
			);
			path = "KAKAOBANK-iOS";
			sourceTree = "<group>";
		};
/* End PBXGroup section */

/* Begin PBXNativeTarget section */
		CAD3986E2BECED3F00B57329 /* KAKAOBANK-iOS */ = {
			isa = PBXNativeTarget;
			buildConfigurationList = CAD398832BECED4000B57329 /* Build configuration list for PBXNativeTarget "KAKAOBANK-iOS" */;
			buildPhases = (
				CAD3986B2BECED3F00B57329 /* Sources */,
				CAD3986C2BECED3F00B57329 /* Frameworks */,
				CAD3986D2BECED3F00B57329 /* Resources */,
			);
			buildRules = (
			);
			dependencies = (
			);
			name = "KAKAOBANK-iOS";
			packageProductDependencies = (
				CAD398872BECEEB900B57329 /* SnapKit */,
				CAD398892BECEEB900B57329 /* SnapKit-Dynamic */,
				CAD3988C2BECEEE100B57329 /* Then */,
				CAD3988F2BECEF1A00B57329 /* Moya */,
			);
			productName = "KAKAOBANK-iOS";
			productReference = CAD3986F2BECED3F00B57329 /* KAKAOBANK-iOS.app */;
			productType = "com.apple.product-type.application";
		};
/* End PBXNativeTarget section */

/* Begin PBXProject section */
		CAD398672BECED3F00B57329 /* Project object */ = {
			isa = PBXProject;
			attributes = {
				BuildIndependentTargetsInParallel = 1;
				LastSwiftUpdateCheck = 1530;
				LastUpgradeCheck = 1530;
				TargetAttributes = {
					CAD3986E2BECED3F00B57329 = {
						CreatedOnToolsVersion = 15.3;
					};
				};
			};
			buildConfigurationList = CAD3986A2BECED3F00B57329 /* Build configuration list for PBXProject "KAKAOBANK-iOS" */;
			compatibilityVersion = "Xcode 14.0";
			developmentRegion = en;
			hasScannedForEncodings = 0;
			knownRegions = (
				en,
				Base,
			);
			mainGroup = CAD398662BECED3F00B57329;
			packageReferences = (
				CAD398862BECEEB900B57329 /* XCRemoteSwiftPackageReference "SnapKit" */,
				CAD3988B2BECEEE100B57329 /* XCRemoteSwiftPackageReference "Then" */,
				CAD3988E2BECEF1A00B57329 /* XCRemoteSwiftPackageReference "Moya" */,
			);
			productRefGroup = CAD398702BECED3F00B57329 /* Products */;
			projectDirPath = "";
			projectRoot = "";
			targets = (
				CAD3986E2BECED3F00B57329 /* KAKAOBANK-iOS */,
			);
		};
/* End PBXProject section */

/* Begin PBXResourcesBuildPhase section */
		CAD3986D2BECED3F00B57329 /* Resources */ = {
			isa = PBXResourcesBuildPhase;
			buildActionMask = 2147483647;
			files = (
				CAD3987C2BECED4000B57329 /* Assets.xcassets in Resources */,
				CA22B3EF2BF136420013B7AB /* Pretendard-Bold.otf in Resources */,
				CA22B3F32BF136580013B7AB /* Pretendard-Regular.otf in Resources */,
				CA22B3F52BF136610013B7AB /* Pretendard-SemiBold.otf in Resources */,
				CAD3987F2BECED4000B57329 /* Base in Resources */,
				CA22B3F12BF1364C0013B7AB /* Pretendard-Medium.otf in Resources */,
			);
			runOnlyForDeploymentPostprocessing = 0;
		};
/* End PBXResourcesBuildPhase section */

/* Begin PBXSourcesBuildPhase section */
		CAD3986B2BECED3F00B57329 /* Sources */ = {
			isa = PBXSourcesBuildPhase;
			buildActionMask = 2147483647;
			files = (
				2C28353D2BF523AD00245FE1 /* MeetingAccountView.swift in Sources */,
				0D357E202BF3CB4000E044BB /* StickyHeaderView.swift in Sources */,
				CA22B4012BF147BF0013B7AB /* UITableViewCell.swift in Sources */,
				CA22B3FD2BF147040013B7AB /* UIStackView+.swift in Sources */,
				CA22B3F72BF1379B0013B7AB /* UIFont+.swift in Sources */,
				2CF9BFE92BF4389E00C7BC35 /* MainViewController.swift in Sources */,
				CAD398772BECED3F00B57329 /* ViewController.swift in Sources */,
				2CF9BFF52BF48A7A00C7BC35 /* ThirdAccountView.swift in Sources */,
				CA22B3FB2BF146C50013B7AB /* UIVIew+.swift in Sources */,
				2CF9BFF32BF48A6100C7BC35 /* SecondAccountView.swift in Sources */,
				CA05B3A52BF27C1B00DA77E1 /* AccountInfoView.swift in Sources */,
				CA22B3FD2BF147040013B7AB /* UIStackView+.swift in Sources */,
				CA22B3F72BF1379B0013B7AB /* UIFont+.swift in Sources */,
				CA05B3AC2BF2A50C00DA77E1 /* InputAccountButton.swift in Sources */,
				CAD398772BECED3F00B57329 /* ViewController.swift in Sources */,
				0D5AB9052BF2663C00C41046 /* BankAccountViewController.swift in Sources */,
				CA05B3A82BF282DB00DA77E1 /* AccountInfoModel.swift in Sources */,
				CA9982BF2BF52D6600EC1F56 /* BankListCell.swift in Sources */,
				CA22B3FB2BF146C50013B7AB /* UIVIew+.swift in Sources */,
				CA05B3B22BF34A5900DA77E1 /* SelectBankViewController.swift in Sources */,
				CA05B3B42BF34B9800DA77E1 /* SelectBankHeaderView.swift in Sources */,
				CA05B3B62BF3E6FF00DA77E1 /* SegmentView.swift in Sources */,
				CA22B3F92BF13C380013B7AB /* UILabel+.swift in Sources */,
				CA05B3A32BF27AF300DA77E1 /* MyAccountCell.swift in Sources */,
				CA9982BC2BF5282600EC1F56 /* BottomSheetView.swift in Sources */,
				CA05B3AA2BF2923700DA77E1 /* RecentTransferCell.swift in Sources */,
				CAD398732BECED3F00B57329 /* AppDelegate.swift in Sources */,
				CA9982B82BF4A50000EC1F56 /* BankBookModel.swift in Sources */,
				2C3F78622BF60A05005AF799 /* AddView.swift in Sources */,
				0D5AB9072BF267E700C41046 /* BankAccountNaviBar.swift in Sources */,
				2C28353B2BF523A000245FE1 /* AddButtonView.swift in Sources */,
				CA22B3F92BF13C380013B7AB /* UILabel+.swift in Sources */,
				CA05B3A32BF27AF300DA77E1 /* MyAccountCell.swift in Sources */,
				2C3F78602BF5EC28005AF799 /* MainTabBarController.swift in Sources */,
				CA05B3AA2BF2923700DA77E1 /* RecentTransferCell.swift in Sources */,
				CAD398732BECED3F00B57329 /* AppDelegate.swift in Sources */,
				2CF9BFF12BF47A0C00C7BC35 /* MainAccountView.swift in Sources */,
				2C28353F2BF5294D00245FE1 /* SimpleBarView.swift in Sources */,
				2C2835392BF5239700245FE1 /* SavingsView.swift in Sources */,
				0D357E262BF3E7B100E044BB /* BankAccountModel.swift in Sources */,
				CA22B3FF2BF147980013B7AB /* UICollectionViewCell+.swift in Sources */,
				2CF9BFEF2BF44F1500C7BC35 /* MessageBoxView.swift in Sources */,
				CAD398752BECED3F00B57329 /* SceneDelegate.swift in Sources */,
				2CF9BFED2BF440F900C7BC35 /* HeaderView.swift in Sources */,
				0D357E242BF3DFE000E044BB /* BankAccountTableViewCell.swift in Sources */,
				CA6B4FA42BF210D1009A641D /* Constants.swift in Sources */,
				CA51DE892BF202B10084E610 /* TransferViewController.swift in Sources */,
				CA6B4FA62BF2141D009A641D /* SectionHeaderView.swift in Sources */,
				CA51DE8B2BF203070084E610 /* TransferNaviBar.swift in Sources */,
				CA6B4FA92BF21643009A641D /* InputCell.swift in Sources */,
			);
			runOnlyForDeploymentPostprocessing = 0;
		};
/* End PBXSourcesBuildPhase section */

/* Begin PBXVariantGroup section */
		CAD3987D2BECED4000B57329 /* LaunchScreen.storyboard */ = {
			isa = PBXVariantGroup;
			children = (
				CAD3987E2BECED4000B57329 /* Base */,
			);
			name = LaunchScreen.storyboard;
			sourceTree = "<group>";
		};
/* End PBXVariantGroup section */

/* Begin XCBuildConfiguration section */
		CAD398812BECED4000B57329 /* Debug */ = {
			isa = XCBuildConfiguration;
			buildSettings = {
				ALWAYS_SEARCH_USER_PATHS = NO;
				ASSETCATALOG_COMPILER_GENERATE_SWIFT_ASSET_SYMBOL_EXTENSIONS = YES;
				CLANG_ANALYZER_NONNULL = YES;
				CLANG_ANALYZER_NUMBER_OBJECT_CONVERSION = YES_AGGRESSIVE;
				CLANG_CXX_LANGUAGE_STANDARD = "gnu++20";
				CLANG_ENABLE_MODULES = YES;
				CLANG_ENABLE_OBJC_ARC = YES;
				CLANG_ENABLE_OBJC_WEAK = YES;
				CLANG_WARN_BLOCK_CAPTURE_AUTORELEASING = YES;
				CLANG_WARN_BOOL_CONVERSION = YES;
				CLANG_WARN_COMMA = YES;
				CLANG_WARN_CONSTANT_CONVERSION = YES;
				CLANG_WARN_DEPRECATED_OBJC_IMPLEMENTATIONS = YES;
				CLANG_WARN_DIRECT_OBJC_ISA_USAGE = YES_ERROR;
				CLANG_WARN_DOCUMENTATION_COMMENTS = YES;
				CLANG_WARN_EMPTY_BODY = YES;
				CLANG_WARN_ENUM_CONVERSION = YES;
				CLANG_WARN_INFINITE_RECURSION = YES;
				CLANG_WARN_INT_CONVERSION = YES;
				CLANG_WARN_NON_LITERAL_NULL_CONVERSION = YES;
				CLANG_WARN_OBJC_IMPLICIT_RETAIN_SELF = YES;
				CLANG_WARN_OBJC_LITERAL_CONVERSION = YES;
				CLANG_WARN_OBJC_ROOT_CLASS = YES_ERROR;
				CLANG_WARN_QUOTED_INCLUDE_IN_FRAMEWORK_HEADER = YES;
				CLANG_WARN_RANGE_LOOP_ANALYSIS = YES;
				CLANG_WARN_STRICT_PROTOTYPES = YES;
				CLANG_WARN_SUSPICIOUS_MOVE = YES;
				CLANG_WARN_UNGUARDED_AVAILABILITY = YES_AGGRESSIVE;
				CLANG_WARN_UNREACHABLE_CODE = YES;
				CLANG_WARN__DUPLICATE_METHOD_MATCH = YES;
				COPY_PHASE_STRIP = NO;
				DEBUG_INFORMATION_FORMAT = dwarf;
				ENABLE_STRICT_OBJC_MSGSEND = YES;
				ENABLE_TESTABILITY = YES;
				ENABLE_USER_SCRIPT_SANDBOXING = YES;
				GCC_C_LANGUAGE_STANDARD = gnu17;
				GCC_DYNAMIC_NO_PIC = NO;
				GCC_NO_COMMON_BLOCKS = YES;
				GCC_OPTIMIZATION_LEVEL = 0;
				GCC_PREPROCESSOR_DEFINITIONS = (
					"DEBUG=1",
					"$(inherited)",
				);
				GCC_WARN_64_TO_32_BIT_CONVERSION = YES;
				GCC_WARN_ABOUT_RETURN_TYPE = YES_ERROR;
				GCC_WARN_UNDECLARED_SELECTOR = YES;
				GCC_WARN_UNINITIALIZED_AUTOS = YES_AGGRESSIVE;
				GCC_WARN_UNUSED_FUNCTION = YES;
				GCC_WARN_UNUSED_VARIABLE = YES;
				IPHONEOS_DEPLOYMENT_TARGET = 17.4;
				LOCALIZATION_PREFERS_STRING_CATALOGS = YES;
				MTL_ENABLE_DEBUG_INFO = INCLUDE_SOURCE;
				MTL_FAST_MATH = YES;
				ONLY_ACTIVE_ARCH = YES;
				SDKROOT = iphoneos;
				SWIFT_ACTIVE_COMPILATION_CONDITIONS = "DEBUG $(inherited)";
				SWIFT_OPTIMIZATION_LEVEL = "-Onone";
			};
			name = Debug;
		};
		CAD398822BECED4000B57329 /* Release */ = {
			isa = XCBuildConfiguration;
			buildSettings = {
				ALWAYS_SEARCH_USER_PATHS = NO;
				ASSETCATALOG_COMPILER_GENERATE_SWIFT_ASSET_SYMBOL_EXTENSIONS = YES;
				CLANG_ANALYZER_NONNULL = YES;
				CLANG_ANALYZER_NUMBER_OBJECT_CONVERSION = YES_AGGRESSIVE;
				CLANG_CXX_LANGUAGE_STANDARD = "gnu++20";
				CLANG_ENABLE_MODULES = YES;
				CLANG_ENABLE_OBJC_ARC = YES;
				CLANG_ENABLE_OBJC_WEAK = YES;
				CLANG_WARN_BLOCK_CAPTURE_AUTORELEASING = YES;
				CLANG_WARN_BOOL_CONVERSION = YES;
				CLANG_WARN_COMMA = YES;
				CLANG_WARN_CONSTANT_CONVERSION = YES;
				CLANG_WARN_DEPRECATED_OBJC_IMPLEMENTATIONS = YES;
				CLANG_WARN_DIRECT_OBJC_ISA_USAGE = YES_ERROR;
				CLANG_WARN_DOCUMENTATION_COMMENTS = YES;
				CLANG_WARN_EMPTY_BODY = YES;
				CLANG_WARN_ENUM_CONVERSION = YES;
				CLANG_WARN_INFINITE_RECURSION = YES;
				CLANG_WARN_INT_CONVERSION = YES;
				CLANG_WARN_NON_LITERAL_NULL_CONVERSION = YES;
				CLANG_WARN_OBJC_IMPLICIT_RETAIN_SELF = YES;
				CLANG_WARN_OBJC_LITERAL_CONVERSION = YES;
				CLANG_WARN_OBJC_ROOT_CLASS = YES_ERROR;
				CLANG_WARN_QUOTED_INCLUDE_IN_FRAMEWORK_HEADER = YES;
				CLANG_WARN_RANGE_LOOP_ANALYSIS = YES;
				CLANG_WARN_STRICT_PROTOTYPES = YES;
				CLANG_WARN_SUSPICIOUS_MOVE = YES;
				CLANG_WARN_UNGUARDED_AVAILABILITY = YES_AGGRESSIVE;
				CLANG_WARN_UNREACHABLE_CODE = YES;
				CLANG_WARN__DUPLICATE_METHOD_MATCH = YES;
				COPY_PHASE_STRIP = NO;
				DEBUG_INFORMATION_FORMAT = "dwarf-with-dsym";
				ENABLE_NS_ASSERTIONS = NO;
				ENABLE_STRICT_OBJC_MSGSEND = YES;
				ENABLE_USER_SCRIPT_SANDBOXING = YES;
				GCC_C_LANGUAGE_STANDARD = gnu17;
				GCC_NO_COMMON_BLOCKS = YES;
				GCC_WARN_64_TO_32_BIT_CONVERSION = YES;
				GCC_WARN_ABOUT_RETURN_TYPE = YES_ERROR;
				GCC_WARN_UNDECLARED_SELECTOR = YES;
				GCC_WARN_UNINITIALIZED_AUTOS = YES_AGGRESSIVE;
				GCC_WARN_UNUSED_FUNCTION = YES;
				GCC_WARN_UNUSED_VARIABLE = YES;
				IPHONEOS_DEPLOYMENT_TARGET = 17.4;
				LOCALIZATION_PREFERS_STRING_CATALOGS = YES;
				MTL_ENABLE_DEBUG_INFO = NO;
				MTL_FAST_MATH = YES;
				SDKROOT = iphoneos;
				SWIFT_COMPILATION_MODE = wholemodule;
				VALIDATE_PRODUCT = YES;
			};
			name = Release;
		};
		CAD398842BECED4000B57329 /* Debug */ = {
			isa = XCBuildConfiguration;
			buildSettings = {
				ASSETCATALOG_COMPILER_APPICON_NAME = AppIcon;
				ASSETCATALOG_COMPILER_GLOBAL_ACCENT_COLOR_NAME = AccentColor;
				CODE_SIGN_STYLE = Automatic;
				CURRENT_PROJECT_VERSION = 1;
				DEVELOPMENT_TEAM = D3HYNZN587;
				GENERATE_INFOPLIST_FILE = YES;
				INFOPLIST_FILE = "KAKAOBANK-iOS/Global/Settings/Info.plist";
				INFOPLIST_KEY_UIApplicationSupportsIndirectInputEvents = YES;
				INFOPLIST_KEY_UILaunchStoryboardName = LaunchScreen;
				INFOPLIST_KEY_UISupportedInterfaceOrientations_iPad = "UIInterfaceOrientationPortrait UIInterfaceOrientationPortraitUpsideDown UIInterfaceOrientationLandscapeLeft UIInterfaceOrientationLandscapeRight";
				INFOPLIST_KEY_UISupportedInterfaceOrientations_iPhone = "UIInterfaceOrientationPortrait UIInterfaceOrientationLandscapeLeft UIInterfaceOrientationLandscapeRight";
				IPHONEOS_DEPLOYMENT_TARGET = 17.0;
				LD_RUNPATH_SEARCH_PATHS = (
					"$(inherited)",
					"@executable_path/Frameworks",
				);
				MARKETING_VERSION = 1.0;
				PRODUCT_BUNDLE_IDENTIFIER = "com.heeseul.KAKAOBANK-iOS";
				PRODUCT_NAME = "$(TARGET_NAME)";
				SWIFT_EMIT_LOC_STRINGS = YES;
				SWIFT_VERSION = 5.0;
				TARGETED_DEVICE_FAMILY = "1,2";
			};
			name = Debug;
		};
		CAD398852BECED4000B57329 /* Release */ = {
			isa = XCBuildConfiguration;
			buildSettings = {
				ASSETCATALOG_COMPILER_APPICON_NAME = AppIcon;
				ASSETCATALOG_COMPILER_GLOBAL_ACCENT_COLOR_NAME = AccentColor;
				CODE_SIGN_STYLE = Automatic;
				CURRENT_PROJECT_VERSION = 1;
				DEVELOPMENT_TEAM = D3HYNZN587;
				GENERATE_INFOPLIST_FILE = YES;
				INFOPLIST_FILE = "KAKAOBANK-iOS/Global/Settings/Info.plist";
				INFOPLIST_KEY_UIApplicationSupportsIndirectInputEvents = YES;
				INFOPLIST_KEY_UILaunchStoryboardName = LaunchScreen;
				INFOPLIST_KEY_UISupportedInterfaceOrientations_iPad = "UIInterfaceOrientationPortrait UIInterfaceOrientationPortraitUpsideDown UIInterfaceOrientationLandscapeLeft UIInterfaceOrientationLandscapeRight";
				INFOPLIST_KEY_UISupportedInterfaceOrientations_iPhone = "UIInterfaceOrientationPortrait UIInterfaceOrientationLandscapeLeft UIInterfaceOrientationLandscapeRight";
				IPHONEOS_DEPLOYMENT_TARGET = 17.0;
				LD_RUNPATH_SEARCH_PATHS = (
					"$(inherited)",
					"@executable_path/Frameworks",
				);
				MARKETING_VERSION = 1.0;
				PRODUCT_BUNDLE_IDENTIFIER = "com.heeseul.KAKAOBANK-iOS";
				PRODUCT_NAME = "$(TARGET_NAME)";
				SWIFT_EMIT_LOC_STRINGS = YES;
				SWIFT_VERSION = 5.0;
				TARGETED_DEVICE_FAMILY = "1,2";
			};
			name = Release;
		};
/* End XCBuildConfiguration section */

/* Begin XCConfigurationList section */
		CAD3986A2BECED3F00B57329 /* Build configuration list for PBXProject "KAKAOBANK-iOS" */ = {
			isa = XCConfigurationList;
			buildConfigurations = (
				CAD398812BECED4000B57329 /* Debug */,
				CAD398822BECED4000B57329 /* Release */,
			);
			defaultConfigurationIsVisible = 0;
			defaultConfigurationName = Release;
		};
		CAD398832BECED4000B57329 /* Build configuration list for PBXNativeTarget "KAKAOBANK-iOS" */ = {
			isa = XCConfigurationList;
			buildConfigurations = (
				CAD398842BECED4000B57329 /* Debug */,
				CAD398852BECED4000B57329 /* Release */,
			);
			defaultConfigurationIsVisible = 0;
			defaultConfigurationName = Release;
		};
/* End XCConfigurationList section */

/* Begin XCRemoteSwiftPackageReference section */
		CAD398862BECEEB900B57329 /* XCRemoteSwiftPackageReference "SnapKit" */ = {
			isa = XCRemoteSwiftPackageReference;
			repositoryURL = "https://github.com/SnapKit/SnapKit";
			requirement = {
				kind = upToNextMajorVersion;
				minimumVersion = 5.7.1;
			};
		};
		CAD3988B2BECEEE100B57329 /* XCRemoteSwiftPackageReference "Then" */ = {
			isa = XCRemoteSwiftPackageReference;
			repositoryURL = "https://github.com/devxoul/Then";
			requirement = {
				kind = upToNextMajorVersion;
				minimumVersion = 3.0.0;
			};
		};
		CAD3988E2BECEF1A00B57329 /* XCRemoteSwiftPackageReference "Moya" */ = {
			isa = XCRemoteSwiftPackageReference;
			repositoryURL = "https://github.com/Moya/Moya";
			requirement = {
				kind = upToNextMajorVersion;
				minimumVersion = 15.0.3;
			};
		};
/* End XCRemoteSwiftPackageReference section */

/* Begin XCSwiftPackageProductDependency section */
		CAD398872BECEEB900B57329 /* SnapKit */ = {
			isa = XCSwiftPackageProductDependency;
			package = CAD398862BECEEB900B57329 /* XCRemoteSwiftPackageReference "SnapKit" */;
			productName = SnapKit;
		};
		CAD398892BECEEB900B57329 /* SnapKit-Dynamic */ = {
			isa = XCSwiftPackageProductDependency;
			package = CAD398862BECEEB900B57329 /* XCRemoteSwiftPackageReference "SnapKit" */;
			productName = "SnapKit-Dynamic";
		};
		CAD3988C2BECEEE100B57329 /* Then */ = {
			isa = XCSwiftPackageProductDependency;
			package = CAD3988B2BECEEE100B57329 /* XCRemoteSwiftPackageReference "Then" */;
			productName = Then;
		};
		CAD3988F2BECEF1A00B57329 /* Moya */ = {
			isa = XCSwiftPackageProductDependency;
			package = CAD3988E2BECEF1A00B57329 /* XCRemoteSwiftPackageReference "Moya" */;
			productName = Moya;
		};
/* End XCSwiftPackageProductDependency section */
	};
	rootObject = CAD398672BECED3F00B57329 /* Project object */;
}
